schema: '2.0'
stages:
  load_data:
    cmd: python -m src.data_loading.load_data
    deps:
    - path: src/data_loading/load_data.py
      hash: md5
      md5: 3a9c95041af44a3f491f33d53f1b1e5c
      size: 1493
    outs:
    - path: data/raw/raw.csv
      hash: md5
      md5: 2342d43bda39677e0636389e05fce3b2
      size: 116187
  preprocess_data:
    cmd: python -m src.data_preprocessing.preprocess_data
    deps:
    - path: data/raw/raw.csv
      hash: md5
      md5: 2342d43bda39677e0636389e05fce3b2
      size: 116187
    - path: src/data_preprocessing/preprocess_data.py
      hash: md5
      md5: 727f22f9650a9dfb2b1a217912d46034
      size: 3993
    params:
      params.yaml:
        preprocess_data.random_seed: 42
        preprocess_data.test_size: 0.2
    outs:
    - path: artifacts/[features]_mean_imputer.joblib
      hash: md5
      md5: b585e707bfa14f6414c08675813c0226
      size: 1511
    - path: data/preprocessed/test_preprocessed.csv
      hash: md5
      md5: c6b59340334715a69cd03787d88e4415
      size: 26908
    - path: data/preprocessed/train_preprocessed.csv
      hash: md5
      md5: f494b572b43a861c52ef4d322a84470e
      size: 105742
  engineer_features:
    cmd: python -m src.feature_engineering.engineer_features
    deps:
    - path: data/preprocessed/test_preprocessed.csv
      hash: md5
      md5: c6b59340334715a69cd03787d88e4415
      size: 26908
    - path: data/preprocessed/train_preprocessed.csv
      hash: md5
      md5: f494b572b43a861c52ef4d322a84470e
      size: 105742
    - path: src/feature_engineering/engineer_features.py
      hash: md5
      md5: f8446b81a185b5c5d4b06fd60a3b9b9f
      size: 3052
    outs:
    - path: artifacts/[features]_scaler.joblib
      hash: md5
      md5: 1a6568345053343f76bc085e59b0d601
      size: 2135
    - path: data/processed/test_processed.csv
      hash: md5
      md5: 1d9725a8758ff18248b8382d1c785a2b
      size: 67922
    - path: data/processed/train_processed.csv
      hash: md5
      md5: 6826aec510e4564391d65de6b7a5e4f4
      size: 269500
  train:
    cmd: python -m src.model_training.train_model
    deps:
    - path: data/processed/train_processed.csv
      hash: md5
      md5: 6826aec510e4564391d65de6b7a5e4f4
      size: 269500
    - path: src/model_training/train_model.py
      hash: md5
      md5: f941f897d9784a5a5661620ac9a2e91f
      size: 6896
    params:
      params.yaml:
        train.batch_size: 32
        train.dropout_rate: 0.3
        train.epochs: 100
        train.hidden_layer_1_neurons: 64
        train.hidden_layer_2_neurons: 32
        train.learning_rate: 0.001
    outs:
    - path: artifacts/[target]_one_hot_encoder.joblib
      hash: md5
      md5: 9c68e41a114fdb0985121e8d89f055bc
      size: 617
    - path: metrics/training.json
      hash: md5
      md5: 8667053b698ca675e073098644f01c48
      size: 141
    - path: models/model.keras
      hash: md5
      md5: b00e192531d547eb6ac5f1b86fca13b0
      size: 79417
  evaluate:
    cmd: python -m src.model_evaluation.evaluate_model
    deps:
    - path: artifacts/[target]_one_hot_encoder.joblib
      hash: md5
      md5: 9c68e41a114fdb0985121e8d89f055bc
      size: 617
    - path: data/processed/test_processed.csv
      hash: md5
      md5: 1d9725a8758ff18248b8382d1c785a2b
      size: 67922
    - path: models/model.keras
      hash: md5
      md5: b00e192531d547eb6ac5f1b86fca13b0
      size: 79417
    - path: src/model_evaluation/evaluate_model.py
      hash: md5
      md5: 56acbe314b203179ddd88d498da31773
      size: 3296
    outs:
    - path: metrics/evaluation.json
      hash: md5
      md5: 5be85f2fcd91f93aa128ac4d03900d3e
      size: 764
