schema: '2.0'
stages:
  load_data:
    cmd: python -m src.data_loading.load_data
    deps:
    - path: src/data_loading/load_data.py
      hash: md5
      md5: d752403a487d190a9491236dd5fbdc56
      size: 1509
    outs:
    - path: data/raw/raw.csv
      hash: md5
      md5: bb1ee9a9ad67eeb1e1e94b2638c3bf78
      size: 116187
  preprocess_data:
    cmd: python -m src.data_preprocessing.preprocess_data
    deps:
    - path: data/raw/raw.csv
      hash: md5
      md5: bb1ee9a9ad67eeb1e1e94b2638c3bf78
      size: 116187
    - path: src/data_preprocessing/preprocess_data.py
      hash: md5
      md5: 727f22f9650a9dfb2b1a217912d46034
      size: 3993
    params:
      params.yaml:
        preprocess_data.random_seed: 42
        preprocess_data.test_size: 0.2
    outs:
    - path: artifacts/[features]_mean_imputer.joblib
      hash: md5
      md5: a27c793e19ce070a00144cef43b974f4
      size: 1511
    - path: data/preprocessed/test_preprocessed.csv
      hash: md5
      md5: 0f2776fccddf23b67db58d02bf4fd347
      size: 26805
    - path: data/preprocessed/train_preprocessed.csv
      hash: md5
      md5: 135c3bbe3fb59ae7b24f81711b72d798
      size: 105640
  engineer_features:
    cmd: python -m src.feature_engineering.engineer_features
    deps:
    - path: data/preprocessed/test_preprocessed.csv
      hash: md5
      md5: 0f2776fccddf23b67db58d02bf4fd347
      size: 26805
    - path: data/preprocessed/train_preprocessed.csv
      hash: md5
      md5: 135c3bbe3fb59ae7b24f81711b72d798
      size: 105640
    - path: src/feature_engineering/engineer_features.py
      hash: md5
      md5: f8446b81a185b5c5d4b06fd60a3b9b9f
      size: 3052
    outs:
    - path: artifacts/[features]_scaler.joblib
      hash: md5
      md5: 6bd233a26a967ec8b21da733d6b6f9d0
      size: 2135
    - path: data/processed/test_processed.csv
      hash: md5
      md5: ec135f69365d032c0e8d7414676379b7
      size: 68636
    - path: data/processed/train_processed.csv
      hash: md5
      md5: 47caf41be8dfa236381c2a559b8a1c98
      size: 271724
  train:
    cmd: python -m src.model_training.train_model
    deps:
    - path: data/processed/train_processed.csv
      hash: md5
      md5: 47caf41be8dfa236381c2a559b8a1c98
      size: 271724
    - path: src/model_training/train_model.py
      hash: md5
      md5: f941f897d9784a5a5661620ac9a2e91f
      size: 6896
    params:
      params.yaml:
        train.batch_size: 32
        train.dropout_rate: 0.3
        train.epochs: 100
        train.hidden_layer_1_neurons: 64
        train.hidden_layer_2_neurons: 32
        train.learning_rate: 0.001
    outs:
    - path: artifacts/[target]_one_hot_encoder.joblib
      hash: md5
      md5: 9c68e41a114fdb0985121e8d89f055bc
      size: 617
    - path: metrics/training.json
      hash: md5
      md5: 309b3504ae0ea6b8ad00091dddfb0819
      size: 140
    - path: models/model.keras
      hash: md5
      md5: 2c0b489e66936067f30388fff4b09976
      size: 79417
  evaluate:
    cmd: python -m src.model_evaluation.evaluate_model
    deps:
    - path: artifacts/[target]_one_hot_encoder.joblib
      hash: md5
      md5: 9c68e41a114fdb0985121e8d89f055bc
      size: 617
    - path: data/processed/test_processed.csv
      hash: md5
      md5: ec135f69365d032c0e8d7414676379b7
      size: 68636
    - path: models/model.keras
      hash: md5
      md5: 2c0b489e66936067f30388fff4b09976
      size: 79417
    - path: src/model_evaluation/evaluate_model.py
      hash: md5
      md5: 56acbe314b203179ddd88d498da31773
      size: 3296
    outs:
    - path: metrics/evaluation.json
      hash: md5
      md5: 09ff61a46f346a44b3592ad6d9913559
      size: 791
